
Microsoft Visual Studio Solution File, Format Version 12.00
# Visual Studio Version 17
VisualStudioVersion = 17.14.36310.24 d17.14
MinimumVisualStudioVersion = 10.0.40219.1
Project("{2150E333-8FDC-42A3-9474-1A3956D46DE8}") = "MainApp", "MainApp", "{02EA681E-C7D8-13C7-8484-4AC65E1B71E8}"
EndProject
Project("{2150E333-8FDC-42A3-9474-1A3956D46DE8}") = "Inspector2", "Inspector2", "{7B0266A3-445D-4869-B017-92F65E0BB42B}"
EndProject
Project("{2150E333-8FDC-42A3-9474-1A3956D46DE8}") = "Dependencies", "Dependencies", "{0530179D-C9B2-4662-908F-1C55EF9F4FE6}"
EndProject
Project("{2150E333-8FDC-42A3-9474-1A3956D46DE8}") = "Database", "Database", "{07650947-7281-4020-9892-8C8FB8444C11}"
EndProject
Project("{FAE04EC0-301F-11D3-BF4B-00C04F79EFBC}") = "DB", "DB\DB\DB.csproj", "{B8905FF5-01C2-40B2-A511-C695200F4013}"
EndProject
Project("{FAE04EC0-301F-11D3-BF4B-00C04F79EFBC}") = "UserManagement", "Dependencies\UserManagement\UserManagement.csproj", "{B3451C9D-FF82-476C-8800-14071A7D2752}"
EndProject
Project("{FAE04EC0-301F-11D3-BF4B-00C04F79EFBC}") = "AppIdentityUser", "Dependencies\AppIdentityUser\AppIdentityUser.csproj", "{EEF4FA15-7FD4-4E5B-A657-2182C6EC46BA}"
EndProject
Project("{FAE04EC0-301F-11D3-BF4B-00C04F79EFBC}") = "Encryption", "Dependencies\Encryption\Encryption.csproj", "{2E05936A-C9C1-417D-83E2-17DEB140A1DC}"
EndProject
Project("{FAE04EC0-301F-11D3-BF4B-00C04F79EFBC}") = "AssetInspector2", "MainApp\AssetInspector2\AssetInspector2.csproj", "{FBA815A9-B6AD-4606-9532-2326E30DE421}"
EndProject
Project("{FAE04EC0-301F-11D3-BF4B-00C04F79EFBC}") = "Menus", "Dependencies\Menus\Menus.csproj", "{FE25B162-B821-4544-BEE7-71E8171CBF18}"
EndProject
Global
	GlobalSection(SolutionConfigurationPlatforms) = preSolution
		Debug|Any CPU = Debug|Any CPU
		Release|Any CPU = Release|Any CPU
	EndGlobalSection
	GlobalSection(ProjectConfigurationPlatforms) = postSolution
		{B8905FF5-01C2-40B2-A511-C695200F4013}.Debug|Any CPU.ActiveCfg = Debug|Any CPU
		{B8905FF5-01C2-40B2-A511-C695200F4013}.Debug|Any CPU.Build.0 = Debug|Any CPU
		{B8905FF5-01C2-40B2-A511-C695200F4013}.Release|Any CPU.ActiveCfg = Release|Any CPU
		{B8905FF5-01C2-40B2-A511-C695200F4013}.Release|Any CPU.Build.0 = Release|Any CPU
		{B3451C9D-FF82-476C-8800-14071A7D2752}.Debug|Any CPU.ActiveCfg = Debug|Any CPU
		{B3451C9D-FF82-476C-8800-14071A7D2752}.Debug|Any CPU.Build.0 = Debug|Any CPU
		{B3451C9D-FF82-476C-8800-14071A7D2752}.Release|Any CPU.ActiveCfg = Release|Any CPU
		{B3451C9D-FF82-476C-8800-14071A7D2752}.Release|Any CPU.Build.0 = Release|Any CPU
		{EEF4FA15-7FD4-4E5B-A657-2182C6EC46BA}.Debug|Any CPU.ActiveCfg = Debug|Any CPU
		{EEF4FA15-7FD4-4E5B-A657-2182C6EC46BA}.Debug|Any CPU.Build.0 = Debug|Any CPU
		{EEF4FA15-7FD4-4E5B-A657-2182C6EC46BA}.Release|Any CPU.ActiveCfg = Release|Any CPU
		{EEF4FA15-7FD4-4E5B-A657-2182C6EC46BA}.Release|Any CPU.Build.0 = Release|Any CPU
		{2E05936A-C9C1-417D-83E2-17DEB140A1DC}.Debug|Any CPU.ActiveCfg = Debug|Any CPU
		{2E05936A-C9C1-417D-83E2-17DEB140A1DC}.Debug|Any CPU.Build.0 = Debug|Any CPU
		{2E05936A-C9C1-417D-83E2-17DEB140A1DC}.Release|Any CPU.ActiveCfg = Release|Any CPU
		{2E05936A-C9C1-417D-83E2-17DEB140A1DC}.Release|Any CPU.Build.0 = Release|Any CPU
		{FBA815A9-B6AD-4606-9532-2326E30DE421}.Debug|Any CPU.ActiveCfg = Debug|Any CPU
		{FBA815A9-B6AD-4606-9532-2326E30DE421}.Debug|Any CPU.Build.0 = Debug|Any CPU
		{FBA815A9-B6AD-4606-9532-2326E30DE421}.Release|Any CPU.ActiveCfg = Release|Any CPU
		{FBA815A9-B6AD-4606-9532-2326E30DE421}.Release|Any CPU.Build.0 = Release|Any CPU
		{FE25B162-B821-4544-BEE7-71E8171CBF18}.Debug|Any CPU.ActiveCfg = Debug|Any CPU
		{FE25B162-B821-4544-BEE7-71E8171CBF18}.Debug|Any CPU.Build.0 = Debug|Any CPU
		{FE25B162-B821-4544-BEE7-71E8171CBF18}.Release|Any CPU.ActiveCfg = Release|Any CPU
		{FE25B162-B821-4544-BEE7-71E8171CBF18}.Release|Any CPU.Build.0 = Release|Any CPU
	EndGlobalSection
	GlobalSection(SolutionProperties) = preSolution
		HideSolutionNode = FALSE
	EndGlobalSection
	GlobalSection(NestedProjects) = preSolution
		{7B0266A3-445D-4869-B017-92F65E0BB42B} = {02EA681E-C7D8-13C7-8484-4AC65E1B71E8}
		{0530179D-C9B2-4662-908F-1C55EF9F4FE6} = {02EA681E-C7D8-13C7-8484-4AC65E1B71E8}
		{07650947-7281-4020-9892-8C8FB8444C11} = {02EA681E-C7D8-13C7-8484-4AC65E1B71E8}
		{B8905FF5-01C2-40B2-A511-C695200F4013} = {07650947-7281-4020-9892-8C8FB8444C11}
		{B3451C9D-FF82-476C-8800-14071A7D2752} = {0530179D-C9B2-4662-908F-1C55EF9F4FE6}
		{EEF4FA15-7FD4-4E5B-A657-2182C6EC46BA} = {0530179D-C9B2-4662-908F-1C55EF9F4FE6}
		{2E05936A-C9C1-417D-83E2-17DEB140A1DC} = {0530179D-C9B2-4662-908F-1C55EF9F4FE6}
		{FBA815A9-B6AD-4606-9532-2326E30DE421} = {7B0266A3-445D-4869-B017-92F65E0BB42B}
		{FE25B162-B821-4544-BEE7-71E8171CBF18} = {0530179D-C9B2-4662-908F-1C55EF9F4FE6}
	EndGlobalSection
	GlobalSection(ExtensibilityGlobals) = postSolution
		SolutionGuid = {797D803F-1C06-46BB-96DD-44D9AE6DC560}
	EndGlobalSection
EndGlobal
